// !$*UTF8*$!
{
	archiveVersion = 1;
	classes = {
	};
	objectVersion = 56;
	objects = {

/* Begin PBXBuildFile section */
		8117A8CE2B15255900B9241D /* ItemGridRemakeApp.swift in Sources */ = {isa = PBXBuildFile; fileRef = 8117A8CD2B15255900B9241D /* ItemGridRemakeApp.swift */; };
		8117A8D02B15255900B9241D /* MainTabView.swift in Sources */ = {isa = PBXBuildFile; fileRef = 8117A8CF2B15255900B9241D /* MainTabView.swift */; };
		8117A8D22B15255B00B9241D /* Assets.xcassets in Resources */ = {isa = PBXBuildFile; fileRef = 8117A8D12B15255B00B9241D /* Assets.xcassets */; };
		8117A8D52B15255B00B9241D /* Preview Assets.xcassets in Resources */ = {isa = PBXBuildFile; fileRef = 8117A8D42B15255B00B9241D /* Preview Assets.xcassets */; };
		8117A8DC2B15272C00B9241D /* ShopTab_Main.swift in Sources */ = {isa = PBXBuildFile; fileRef = 8117A8DB2B15272C00B9241D /* ShopTab_Main.swift */; };
		8117A8DE2B1529C700B9241D /* ShopCatalogView.swift in Sources */ = {isa = PBXBuildFile; fileRef = 8117A8DD2B1529C700B9241D /* ShopCatalogView.swift */; };
		8117A8E22B152F2A00B9241D /* MyHelper.swift in Sources */ = {isa = PBXBuildFile; fileRef = 8117A8E12B152F2A00B9241D /* MyHelper.swift */; };
		81418CBD2B15707000877D01 /* CategorySliderBar.swift in Sources */ = {isa = PBXBuildFile; fileRef = 81418CBC2B15707000877D01 /* CategorySliderBar.swift */; };
		81418CBF2B157A3400877D01 /* ShoppingItem.swift in Sources */ = {isa = PBXBuildFile; fileRef = 81418CBE2B157A3400877D01 /* ShoppingItem.swift */; };
/* End PBXBuildFile section */

/* Begin PBXFileReference section */
		8117A8CA2B15255900B9241D /* ItemGridRemake.app */ = {isa = PBXFileReference; explicitFileType = wrapper.application; includeInIndex = 0; path = ItemGridRemake.app; sourceTree = BUILT_PRODUCTS_DIR; };
		8117A8CD2B15255900B9241D /* ItemGridRemakeApp.swift */ = {isa = PBXFileReference; lastKnownFileType = sourcecode.swift; path = ItemGridRemakeApp.swift; sourceTree = "<group>"; };
		8117A8CF2B15255900B9241D /* MainTabView.swift */ = {isa = PBXFileReference; lastKnownFileType = sourcecode.swift; path = MainTabView.swift; sourceTree = "<group>"; };
		8117A8D12B15255B00B9241D /* Assets.xcassets */ = {isa = PBXFileReference; lastKnownFileType = folder.assetcatalog; path = Assets.xcassets; sourceTree = "<group>"; };
		8117A8D42B15255B00B9241D /* Preview Assets.xcassets */ = {isa = PBXFileReference; lastKnownFileType = folder.assetcatalog; path = "Preview Assets.xcassets"; sourceTree = "<group>"; };
		8117A8DB2B15272C00B9241D /* ShopTab_Main.swift */ = {isa = PBXFileReference; lastKnownFileType = sourcecode.swift; path = ShopTab_Main.swift; sourceTree = "<group>"; };
		8117A8DD2B1529C700B9241D /* ShopCatalogView.swift */ = {isa = PBXFileReference; lastKnownFileType = sourcecode.swift; path = ShopCatalogView.swift; sourceTree = "<group>"; };
		8117A8E12B152F2A00B9241D /* MyHelper.swift */ = {isa = PBXFileReference; lastKnownFileType = sourcecode.swift; path = MyHelper.swift; sourceTree = "<group>"; };
		81418CBC2B15707000877D01 /* CategorySliderBar.swift */ = {isa = PBXFileReference; lastKnownFileType = sourcecode.swift; path = CategorySliderBar.swift; sourceTree = "<group>"; };
		81418CBE2B157A3400877D01 /* ShoppingItem.swift */ = {isa = PBXFileReference; lastKnownFileType = sourcecode.swift; path = ShoppingItem.swift; sourceTree = "<group>"; };
/* End PBXFileReference section */

/* Begin PBXFrameworksBuildPhase section */
		8117A8C72B15255900B9241D /* Frameworks */ = {
			isa = PBXFrameworksBuildPhase;
			buildActionMask = 2147483647;
			files = (
			);
			runOnlyForDeploymentPostprocessing = 0;
		};
/* End PBXFrameworksBuildPhase section */

/* Begin PBXGroup section */
		8117A8C12B15255900B9241D = {
			isa = PBXGroup;
			children = (
				8117A8CC2B15255900B9241D /* ItemGridRemake */,
				8117A8CB2B15255900B9241D /* Products */,
			);
			sourceTree = "<group>";
		};
		8117A8CB2B15255900B9241D /* Products */ = {
			isa = PBXGroup;
			children = (
				8117A8CA2B15255900B9241D /* ItemGridRemake.app */,
			);
			name = Products;
			sourceTree = "<group>";
		};
		8117A8CC2B15255900B9241D /* ItemGridRemake */ = {
			isa = PBXGroup;
			children = (
				8117A8CD2B15255900B9241D /* ItemGridRemakeApp.swift */,
				8117A8CF2B15255900B9241D /* MainTabView.swift */,
				81418CC02B15AB1600877D01 /* Shop */,
				8117A8E12B152F2A00B9241D /* MyHelper.swift */,
				8117A8D12B15255B00B9241D /* Assets.xcassets */,
				8117A8D32B15255B00B9241D /* Preview Content */,
			);
			path = ItemGridRemake;
			sourceTree = "<group>";
		};
		8117A8D32B15255B00B9241D /* Preview Content */ = {
			isa = PBXGroup;
			children = (
				8117A8D42B15255B00B9241D /* Preview Assets.xcassets */,
			);
			path = "Preview Content";
			sourceTree = "<group>";
		};
		81418CC02B15AB1600877D01 /* Shop */ = {
			isa = PBXGroup;
			children = (
				8117A8DB2B15272C00B9241D /* ShopTab_Main.swift */,
				8117A8DD2B1529C700B9241D /* ShopCatalogView.swift */,
				81418CBE2B157A3400877D01 /* ShoppingItem.swift */,
				81418CBC2B15707000877D01 /* CategorySliderBar.swift */,
			);
			path = Shop;
			sourceTree = "<group>";
		};
/* End PBXGroup section */

/* Begin PBXNativeTarget section */
		8117A8C92B15255900B9241D /* ItemGridRemake */ = {
			isa = PBXNativeTarget;
			buildConfigurationList = 8117A8D82B15255B00B9241D /* Build configuration list for PBXNativeTarget "ItemGridRemake" */;
			buildPhases = (
				8117A8C62B15255900B9241D /* Sources */,
				8117A8C72B15255900B9241D /* Frameworks */,
				8117A8C82B15255900B9241D /* Resources */,
			);
			buildRules = (
			);
			dependencies = (
			);
			name = ItemGridRemake;
			productName = ItemGridRemake;
			productReference = 8117A8CA2B15255900B9241D /* ItemGridRemake.app */;
			productType = "com.apple.product-type.application";
		};
/* End PBXNativeTarget section */

/* Begin PBXProject section */
		8117A8C22B15255900B9241D /* Project object */ = {
			isa = PBXProject;
			attributes = {
				BuildIndependentTargetsInParallel = 1;
				LastSwiftUpdateCheck = 1500;
				LastUpgradeCheck = 1500;
				TargetAttributes = {
					8117A8C92B15255900B9241D = {
						CreatedOnToolsVersion = 15.0.1;
					};
				};
			};
			buildConfigurationList = 8117A8C52B15255900B9241D /* Build configuration list for PBXProject "ItemGridRemake" */;
			compatibilityVersion = "Xcode 14.0";
			developmentRegion = en;
			hasScannedForEncodings = 0;
			knownRegions = (
				en,
				Base,
			);
			mainGroup = 8117A8C12B15255900B9241D;
			productRefGroup = 8117A8CB2B15255900B9241D /* Products */;
			projectDirPath = "";
			projectRoot = "";
			targets = (
				8117A8C92B15255900B9241D /* ItemGridRemake */,
			);
		};
/* End PBXProject section */

/* Begin PBXResourcesBuildPhase section */
		8117A8C82B15255900B9241D /* Resources */ = {
			isa = PBXResourcesBuildPhase;
			buildActionMask = 2147483647;
			files = (
				8117A8D52B15255B00B9241D /* Preview Assets.xcassets in Resources */,
				8117A8D22B15255B00B9241D /* Assets.xcassets in Resources */,
			);
			runOnlyForDeploymentPostprocessing = 0;
		};
/* End PBXResourcesBuildPhase section */

/* Begin PBXSourcesBuildPhase section */
		8117A8C62B15255900B9241D /* Sources */ = {
			isa = PBXSourcesBuildPhase;
			buildActionMask = 2147483647;
			files = (
				81418CBD2B15707000877D01 /* CategorySliderBar.swift in Sources */,
				8117A8DC2B15272C00B9241D /* ShopTab_Main.swift in Sources */,
				8117A8DE2B1529C700B9241D /* ShopCatalogView.swift in Sources */,
				8117A8D02B15255900B9241D /* MainTabView.swift in Sources */,
				81418CBF2B157A3400877D01 /* ShoppingItem.swift in Sources */,
				8117A8CE2B15255900B9241D /* ItemGridRemakeApp.swift in Sources */,
				8117A8E22B152F2A00B9241D /* MyHelper.swift in Sources */,
			);
			runOnlyForDeploymentPostprocessing = 0;
		};
/* End PBXSourcesBuildPhase section */

/* Begin XCBuildConfiguration section */
		8117A8D62B15255B00B9241D /* Debug */ = {
			isa = XCBuildConfiguration;
			buildSettings = {
				ALWAYS_SEARCH_USER_PATHS = NO;
				ASSETCATALOG_COMPILER_GENERATE_SWIFT_ASSET_SYMBOL_EXTENSIONS = YES;
				CLANG_ANALYZER_NONNULL = YES;
				CLANG_ANALYZER_NUMBER_OBJECT_CONVERSION = YES_AGGRESSIVE;
				CLANG_CXX_LANGUAGE_STANDARD = "gnu++20";
				CLANG_ENABLE_MODULES = YES;
				CLANG_ENABLE_OBJC_ARC = YES;
				CLANG_ENABLE_OBJC_WEAK = YES;
				CLANG_WARN_BLOCK_CAPTURE_AUTORELEASING = YES;
				CLANG_WARN_BOOL_CONVERSION = YES;
				CLANG_WARN_COMMA = YES;
				CLANG_WARN_CONSTANT_CONVERSION = YES;
				CLANG_WARN_DEPRECATED_OBJC_IMPLEMENTATIONS = YES;
				CLANG_WARN_DIRECT_OBJC_ISA_USAGE = YES_ERROR;
				CLANG_WARN_DOCUMENTATION_COMMENTS = YES;
				CLANG_WARN_EMPTY_BODY = YES;
				CLANG_WARN_ENUM_CONVERSION = YES;
				CLANG_WARN_INFINITE_RECURSION = YES;
				CLANG_WARN_INT_CONVERSION = YES;
				CLANG_WARN_NON_LITERAL_NULL_CONVERSION = YES;
				CLANG_WARN_OBJC_IMPLICIT_RETAIN_SELF = YES;
				CLANG_WARN_OBJC_LITERAL_CONVERSION = YES;
				CLANG_WARN_OBJC_ROOT_CLASS = YES_ERROR;
				CLANG_WARN_QUOTED_INCLUDE_IN_FRAMEWORK_HEADER = YES;
				CLANG_WARN_RANGE_LOOP_ANALYSIS = YES;
				CLANG_WARN_STRICT_PROTOTYPES = YES;
				CLANG_WARN_SUSPICIOUS_MOVE = YES;
				CLANG_WARN_UNGUARDED_AVAILABILITY = YES_AGGRESSIVE;
				CLANG_WARN_UNREACHABLE_CODE = YES;
				CLANG_WARN__DUPLICATE_METHOD_MATCH = YES;
				COPY_PHASE_STRIP = NO;
				DEBUG_INFORMATION_FORMAT = dwarf;
				ENABLE_STRICT_OBJC_MSGSEND = YES;
				ENABLE_TESTABILITY = YES;
				ENABLE_USER_SCRIPT_SANDBOXING = YES;
				GCC_C_LANGUAGE_STANDARD = gnu17;
				GCC_DYNAMIC_NO_PIC = NO;
				GCC_NO_COMMON_BLOCKS = YES;
				GCC_OPTIMIZATION_LEVEL = 0;
				GCC_PREPROCESSOR_DEFINITIONS = (
					"DEBUG=1",
					"$(inherited)",
				);
				GCC_WARN_64_TO_32_BIT_CONVERSION = YES;
				GCC_WARN_ABOUT_RETURN_TYPE = YES_ERROR;
				GCC_WARN_UNDECLARED_SELECTOR = YES;
				GCC_WARN_UNINITIALIZED_AUTOS = YES_AGGRESSIVE;
				GCC_WARN_UNUSED_FUNCTION = YES;
				GCC_WARN_UNUSED_VARIABLE = YES;
				IPHONEOS_DEPLOYMENT_TARGET = 17.0;
				LOCALIZATION_PREFERS_STRING_CATALOGS = YES;
				MTL_ENABLE_DEBUG_INFO = INCLUDE_SOURCE;
				MTL_FAST_MATH = YES;
				ONLY_ACTIVE_ARCH = YES;
				SDKROOT = iphoneos;
				SWIFT_ACTIVE_COMPILATION_CONDITIONS = "DEBUG $(inherited)";
				SWIFT_OPTIMIZATION_LEVEL = "-Onone";
			};
			name = Debug;
		};
		8117A8D72B15255B00B9241D /* Release */ = {
			isa = XCBuildConfiguration;
			buildSettings = {
				ALWAYS_SEARCH_USER_PATHS = NO;
				ASSETCATALOG_COMPILER_GENERATE_SWIFT_ASSET_SYMBOL_EXTENSIONS = YES;
				CLANG_ANALYZER_NONNULL = YES;
				CLANG_ANALYZER_NUMBER_OBJECT_CONVERSION = YES_AGGRESSIVE;
				CLANG_CXX_LANGUAGE_STANDARD = "gnu++20";
				CLANG_ENABLE_MODULES = YES;
				CLANG_ENABLE_OBJC_ARC = YES;
				CLANG_ENABLE_OBJC_WEAK = YES;
				CLANG_WARN_BLOCK_CAPTURE_AUTORELEASING = YES;
				CLANG_WARN_BOOL_CONVERSION = YES;
				CLANG_WARN_COMMA = YES;
				CLANG_WARN_CONSTANT_CONVERSION = YES;
				CLANG_WARN_DEPRECATED_OBJC_IMPLEMENTATIONS = YES;
				CLANG_WARN_DIRECT_OBJC_ISA_USAGE = YES_ERROR;
				CLANG_WARN_DOCUMENTATION_COMMENTS = YES;
				CLANG_WARN_EMPTY_BODY = YES;
				CLANG_WARN_ENUM_CONVERSION = YES;
				CLANG_WARN_INFINITE_RECURSION = YES;
				CLANG_WARN_INT_CONVERSION = YES;
				CLANG_WARN_NON_LITERAL_NULL_CONVERSION = YES;
				CLANG_WARN_OBJC_IMPLICIT_RETAIN_SELF = YES;
				CLANG_WARN_OBJC_LITERAL_CONVERSION = YES;
				CLANG_WARN_OBJC_ROOT_CLASS = YES_ERROR;
				CLANG_WARN_QUOTED_INCLUDE_IN_FRAMEWORK_HEADER = YES;
				CLANG_WARN_RANGE_LOOP_ANALYSIS = YES;
				CLANG_WARN_STRICT_PROTOTYPES = YES;
				CLANG_WARN_SUSPICIOUS_MOVE = YES;
				CLANG_WARN_UNGUARDED_AVAILABILITY = YES_AGGRESSIVE;
				CLANG_WARN_UNREACHABLE_CODE = YES;
				CLANG_WARN__DUPLICATE_METHOD_MATCH = YES;
				COPY_PHASE_STRIP = NO;
				DEBUG_INFORMATION_FORMAT = "dwarf-with-dsym";
				ENABLE_NS_ASSERTIONS = NO;
				ENABLE_STRICT_OBJC_MSGSEND = YES;
				ENABLE_USER_SCRIPT_SANDBOXING = YES;
				GCC_C_LANGUAGE_STANDARD = gnu17;
				GCC_NO_COMMON_BLOCKS = YES;
				GCC_WARN_64_TO_32_BIT_CONVERSION = YES;
				GCC_WARN_ABOUT_RETURN_TYPE = YES_ERROR;
				GCC_WARN_UNDECLARED_SELECTOR = YES;
				GCC_WARN_UNINITIALIZED_AUTOS = YES_AGGRESSIVE;
				GCC_WARN_UNUSED_FUNCTION = YES;
				GCC_WARN_UNUSED_VARIABLE = YES;
				IPHONEOS_DEPLOYMENT_TARGET = 17.0;
				LOCALIZATION_PREFERS_STRING_CATALOGS = YES;
				MTL_ENABLE_DEBUG_INFO = NO;
				MTL_FAST_MATH = YES;
				SDKROOT = iphoneos;
				SWIFT_COMPILATION_MODE = wholemodule;
				VALIDATE_PRODUCT = YES;
			};
			name = Release;
		};
		8117A8D92B15255B00B9241D /* Debug */ = {
			isa = XCBuildConfiguration;
			buildSettings = {
				ASSETCATALOG_COMPILER_APPICON_NAME = AppIcon;
				ASSETCATALOG_COMPILER_GLOBAL_ACCENT_COLOR_NAME = AccentColor;
				CODE_SIGN_STYLE = Automatic;
				CURRENT_PROJECT_VERSION = 1;
				DEVELOPMENT_ASSET_PATHS = "\"ItemGridRemake/Preview Content\"";
				ENABLE_PREVIEWS = YES;
				GENERATE_INFOPLIST_FILE = YES;
				INFOPLIST_KEY_UIApplicationSceneManifest_Generation = YES;
				INFOPLIST_KEY_UIApplicationSupportsIndirectInputEvents = YES;
				INFOPLIST_KEY_UILaunchScreen_Generation = YES;
				INFOPLIST_KEY_UISupportedInterfaceOrientations_iPad = "UIInterfaceOrientationPortrait UIInterfaceOrientationPortraitUpsideDown UIInterfaceOrientationLandscapeLeft UIInterfaceOrientationLandscapeRight";
				INFOPLIST_KEY_UISupportedInterfaceOrientations_iPhone = "UIInterfaceOrientationPortrait UIInterfaceOrientationLandscapeLeft UIInterfaceOrientationLandscapeRight";
				LD_RUNPATH_SEARCH_PATHS = (
					"$(inherited)",
					"@executable_path/Frameworks",
				);
				MARKETING_VERSION = 1.0;
				PRODUCT_BUNDLE_IDENTIFIER = "barnes-eric.ItemGridRemake";
				PRODUCT_NAME = "$(TARGET_NAME)";
				SWIFT_EMIT_LOC_STRINGS = YES;
				SWIFT_VERSION = 5.0;
				TARGETED_DEVICE_FAMILY = "1,2";
			};
			name = Debug;
		};
		8117A8DA2B15255B00B9241D /* Release */ = {
			isa = XCBuildConfiguration;
			buildSettings = {
				ASSETCATALOG_COMPILER_APPICON_NAME = AppIcon;
				ASSETCATALOG_COMPILER_GLOBAL_ACCENT_COLOR_NAME = AccentColor;
				CODE_SIGN_STYLE = Automatic;
				CURRENT_PROJECT_VERSION = 1;
				DEVELOPMENT_ASSET_PATHS = "\"ItemGridRemake/Preview Content\"";
				ENABLE_PREVIEWS = YES;
				GENERATE_INFOPLIST_FILE = YES;
				INFOPLIST_KEY_UIApplicationSceneManifest_Generation = YES;
				INFOPLIST_KEY_UIApplicationSupportsIndirectInputEvents = YES;
				INFOPLIST_KEY_UILaunchScreen_Generation = YES;
				INFOPLIST_KEY_UISupportedInterfaceOrientations_iPad = "UIInterfaceOrientationPortrait UIInterfaceOrientationPortraitUpsideDown UIInterfaceOrientationLandscapeLeft UIInterfaceOrientationLandscapeRight";
				INFOPLIST_KEY_UISupportedInterfaceOrientations_iPhone = "UIInterfaceOrientationPortrait UIInterfaceOrientationLandscapeLeft UIInterfaceOrientationLandscapeRight";
				LD_RUNPATH_SEARCH_PATHS = (
					"$(inherited)",
					"@executable_path/Frameworks",
				);
				MARKETING_VERSION = 1.0;
				PRODUCT_BUNDLE_IDENTIFIER = "barnes-eric.ItemGridRemake";
				PRODUCT_NAME = "$(TARGET_NAME)";
				SWIFT_EMIT_LOC_STRINGS = YES;
				SWIFT_VERSION = 5.0;
				TARGETED_DEVICE_FAMILY = "1,2";
			};
			name = Release;
		};
/* End XCBuildConfiguration section */

/* Begin XCConfigurationList section */
		8117A8C52B15255900B9241D /* Build configuration list for PBXProject "ItemGridRemake" */ = {
			isa = XCConfigurationList;
			buildConfigurations = (
				8117A8D62B15255B00B9241D /* Debug */,
				8117A8D72B15255B00B9241D /* Release */,
			);
			defaultConfigurationIsVisible = 0;
			defaultConfigurationName = Release;
		};
		8117A8D82B15255B00B9241D /* Build configuration list for PBXNativeTarget "ItemGridRemake" */ = {
			isa = XCConfigurationList;
			buildConfigurations = (
				8117A8D92B15255B00B9241D /* Debug */,
				8117A8DA2B15255B00B9241D /* Release */,
			);
			defaultConfigurationIsVisible = 0;
			defaultConfigurationName = Release;
		};
/* End XCConfigurationList section */
	};
	rootObject = 8117A8C22B15255900B9241D /* Project object */;
}
